
Microsoft Visual Studio Solution File, Format Version 12.00
# Visual Studio Version 16
VisualStudioVersion = 16.0.30104.148
MinimumVisualStudioVersion = 10.0.40219.1
Project("{151D2E53-A2C4-4D7D-83FE-D05416EBD58E}") = "CompletelyPrivateAzureSQL", "CompletelyPrivateAzureSQL\CompletelyPrivateAzureSQL.deployproj", "{7BD66F14-4580-42FA-BD01-43E77E2779BA}"
EndProject
Global
	GlobalSection(SolutionConfigurationPlatforms) = preSolution
		Debug|Any CPU = Debug|Any CPU
		Release|Any CPU = Release|Any CPU
	EndGlobalSection
	GlobalSection(ProjectConfigurationPlatforms) = postSolution
		{7BD66F14-4580-42FA-BD01-43E77E2779BA}.Debug|Any CPU.ActiveCfg = Debug|Any CPU
		{7BD66F14-4580-42FA-BD01-43E77E2779BA}.Debug|Any CPU.Build.0 = Debug|Any CPU
		{7BD66F14-4580-42FA-BD01-43E77E2779BA}.Release|Any CPU.ActiveCfg = Release|Any CPU
		{7BD66F14-4580-42FA-BD01-43E77E2779BA}.Release|Any CPU.Build.0 = Release|Any CPU
	EndGlobalSection
	GlobalSection(SolutionProperties) = preSolution
		HideSolutionNode = FALSE
	EndGlobalSection
	GlobalSection(ExtensibilityGlobals) = postSolution
		SolutionGuid = {0FC53EFB-763F-4256-9743-5F79CF414BB9}
	EndGlobalSection
EndGlobal
